
Microsoft Visual Studio Solution File, Format Version 12.00
# Visual Studio Version 17
VisualStudioVersion = 17.4.33103.184
MinimumVisualStudioVersion = 10.0.40219.1
Project("{FAE04EC0-301F-11D3-BF4B-00C04F79EFBC}") = "MyFurniture", "MyFurniture\MyFurniture.csproj", "{4BD83D96-F8CE-49C5-8013-2030A17AE016}"
EndProject
Global
	GlobalSection(SolutionConfigurationPlatforms) = preSolution
		Debug|Any CPU = Debug|Any CPU
		Release|Any CPU = Release|Any CPU
	EndGlobalSection
	GlobalSection(ProjectConfigurationPlatforms) = postSolution
		{4BD83D96-F8CE-49C5-8013-2030A17AE016}.Debug|Any CPU.ActiveCfg = Debug|Any CPU
		{4BD83D96-F8CE-49C5-8013-2030A17AE016}.Debug|Any CPU.Build.0 = Debug|Any CPU
		{4BD83D96-F8CE-49C5-8013-2030A17AE016}.Release|Any CPU.ActiveCfg = Release|Any CPU
		{4BD83D96-F8CE-49C5-8013-2030A17AE016}.Release|Any CPU.Build.0 = Release|Any CPU
	EndGlobalSection
	GlobalSection(SolutionProperties) = preSolution
		HideSolutionNode = FALSE
	EndGlobalSection
	GlobalSection(ExtensibilityGlobals) = postSolution
		SolutionGuid = {B79FE832-F51C-4148-8B6C-FBAD22EB830A}
	EndGlobalSection
EndGlobal
